
Microsoft Visual Studio Solution File, Format Version 12.00
# Visual Studio Version 16
VisualStudioVersion = 16.0.31005.135
MinimumVisualStudioVersion = 10.0.40219.1
Project("{FAE04EC0-301F-11D3-BF4B-00C04F79EFBC}") = "DuoTheSecond", "DuoTheSecond\DuoTheSecond.csproj", "{7FA4C84C-2B1F-4BD1-A432-A282876A0C87}"
EndProject
Global
	GlobalSection(SolutionConfigurationPlatforms) = preSolution
		Debug|Any CPU = Debug|Any CPU
		Release|Any CPU = Release|Any CPU
	EndGlobalSection
	GlobalSection(ProjectConfigurationPlatforms) = postSolution
		{7FA4C84C-2B1F-4BD1-A432-A282876A0C87}.Debug|Any CPU.ActiveCfg = Debug|Any CPU
		{7FA4C84C-2B1F-4BD1-A432-A282876A0C87}.Debug|Any CPU.Build.0 = Debug|Any CPU
		{7FA4C84C-2B1F-4BD1-A432-A282876A0C87}.Release|Any CPU.ActiveCfg = Release|Any CPU
		{7FA4C84C-2B1F-4BD1-A432-A282876A0C87}.Release|Any CPU.Build.0 = Release|Any CPU
	EndGlobalSection
	GlobalSection(SolutionProperties) = preSolution
		HideSolutionNode = FALSE
	EndGlobalSection
	GlobalSection(ExtensibilityGlobals) = postSolution
		SolutionGuid = {2CDF98D5-ACC5-4167-AB93-9DF54B065564}
	EndGlobalSection
EndGlobal
